Microsoft Visual Studio Solution File, Format Version 12.00
# Visual Studio Version 17
VisualStudioVersion = 17.0.31903.59
MinimumVisualStudioVersion = 10.0.40219.1
Project("{FAE04EC0-301F-11D3-BF4B-00C04F79EFBC}") = "VpsQuota", "VpsQuota\VpsQuota.csproj", "{3B1F8A42-9C7D-4E56-A1B3-7D2E5F604C11}"
EndProject
Project("{FAE04EC0-301F-11D3-BF4B-00C04F79EFBC}") = "VpsQuota.Tests", "VpsQuota.Tests\VpsQuota.Tests.csproj", "{7C4D2E18-5A63-4B90-8E11-2F6D3A9C5E42}"
EndProject
Global
	GlobalSection(SolutionConfigurationPlatforms) = preSolution
		Debug|Any CPU = Debug|Any CPU
		Release|Any CPU = Release|Any CPU
	EndGlobalSection
	GlobalSection(ProjectConfigurationPlatforms) = postSolution
		{3B1F8A42-9C7D-4E56-A1B3-7D2E5F604C11}.Debug|Any CPU.ActiveCfg = Debug|Any CPU
		{3B1F8A42-9C7D-4E56-A1B3-7D2E5F604C11}.Debug|Any CPU.Build.0 = Debug|Any CPU
		{3B1F8A42-9C7D-4E56-A1B3-7D2E5F604C11}.Release|Any CPU.ActiveCfg = Release|Any CPU
		{3B1F8A42-9C7D-4E56-A1B3-7D2E5F604C11}.Release|Any CPU.Build.0 = Release|Any CPU
		{7C4D2E18-5A63-4B90-8E11-2F6D3A9C5E42}.Debug|Any CPU.ActiveCfg = Debug|Any CPU
		{7C4D2E18-5A63-4B90-8E11-2F6D3A9C5E42}.Debug|Any CPU.Build.0 = Debug|Any CPU
		{7C4D2E18-5A63-4B90-8E11-2F6D3A9C5E42}.Release|Any CPU.ActiveCfg = Release|Any CPU
		{7C4D2E18-5A63-4B90-8E11-2F6D3A9C5E42}.Release|Any CPU.Build.0 = Release|Any CPU
	EndGlobalSection
	GlobalSection(SolutionProperties) = preSolution
		HideSolutionNode = FALSE
	EndGlobalSection
EndGlobal
